Microsoft Visual Studio Solution File, Format Version 12.00
# Visual Studio Version 17
VisualStudioVersion = 17.5.2.0
MinimumVisualStudioVersion = 10.0.40219.1
Project("{2150E333-8FDC-42A3-9474-1A3956D46DE8}") = "backend-queue", "backend-queue", "{57D20ACB-C06C-B6CF-793D-BD00EA838F63}"
EndProject
Project("{FAE04EC0-301F-11D3-BF4B-00C04F79EFBC}") = "SmartQueue.API", "backend-queue\SmartQueue.API\SmartQueue.API.csproj", "{3CAB759F-6AF6-09F8-1E24-520A9ADAA81E}"
EndProject
Global
	GlobalSection(SolutionConfigurationPlatforms) = preSolution
		Debug|Any CPU = Debug|Any CPU
		Release|Any CPU = Release|Any CPU
	EndGlobalSection
	GlobalSection(ProjectConfigurationPlatforms) = postSolution
		{3CAB759F-6AF6-09F8-1E24-520A9ADAA81E}.Debug|Any CPU.ActiveCfg = Debug|Any CPU
		{3CAB759F-6AF6-09F8-1E24-520A9ADAA81E}.Debug|Any CPU.Build.0 = Debug|Any CPU
		{3CAB759F-6AF6-09F8-1E24-520A9ADAA81E}.Release|Any CPU.ActiveCfg = Release|Any CPU
		{3CAB759F-6AF6-09F8-1E24-520A9ADAA81E}.Release|Any CPU.Build.0 = Release|Any CPU
	EndGlobalSection
	GlobalSection(SolutionProperties) = preSolution
		HideSolutionNode = FALSE
	EndGlobalSection
	GlobalSection(NestedProjects) = preSolution
		{3CAB759F-6AF6-09F8-1E24-520A9ADAA81E} = {57D20ACB-C06C-B6CF-793D-BD00EA838F63}
	EndGlobalSection
	GlobalSection(ExtensibilityGlobals) = postSolution
		SolutionGuid = {4822EB90-8B5A-403D-A8DA-E03ADF83F030}
	EndGlobalSection
EndGlobal
